
Microsoft Visual Studio Solution File, Format Version 12.00
# Visual Studio Version 17
VisualStudioVersion = 17.0.32014.148
MinimumVisualStudioVersion = 10.0.40219.1
Project("{00D1A9C2-B5F0-4AF3-8072-F6C62B433612}") = "dontAtMeSSDT", "dontAtMeSSDT\dontAtMeSSDT.sqlproj", "{8DDE3140-E6A6-41A1-BD3B-6B341B41418C}"
EndProject
Global
	GlobalSection(SolutionConfigurationPlatforms) = preSolution
		Debug|Any CPU = Debug|Any CPU
		Release|Any CPU = Release|Any CPU
	EndGlobalSection
	GlobalSection(ProjectConfigurationPlatforms) = postSolution
		{8DDE3140-E6A6-41A1-BD3B-6B341B41418C}.Debug|Any CPU.ActiveCfg = Debug|Any CPU
		{8DDE3140-E6A6-41A1-BD3B-6B341B41418C}.Debug|Any CPU.Build.0 = Debug|Any CPU
		{8DDE3140-E6A6-41A1-BD3B-6B341B41418C}.Debug|Any CPU.Deploy.0 = Debug|Any CPU
		{8DDE3140-E6A6-41A1-BD3B-6B341B41418C}.Release|Any CPU.ActiveCfg = Release|Any CPU
		{8DDE3140-E6A6-41A1-BD3B-6B341B41418C}.Release|Any CPU.Build.0 = Release|Any CPU
		{8DDE3140-E6A6-41A1-BD3B-6B341B41418C}.Release|Any CPU.Deploy.0 = Release|Any CPU
	EndGlobalSection
	GlobalSection(SolutionProperties) = preSolution
		HideSolutionNode = FALSE
	EndGlobalSection
	GlobalSection(ExtensibilityGlobals) = postSolution
		SolutionGuid = {D7D9B750-975F-44F0-BDD1-859EA67DF0FB}
	EndGlobalSection
EndGlobal
